lockfileVersion: '9.0'

settings:
  autoInstallPeers: true
  excludeLinksFromLockfile: false

importers:

  .:
    dependencies:
      '@types/fluent-ffmpeg':
        specifier: ^2.1.25
        version: 2.1.25
      alibabacloud-nls:
        specifier: ^1.0.4
        version: 1.0.4
      fluent-ffmpeg:
        specifier: ^2.1.3
        version: 2.1.3

packages:

  '@alicloud/pop-core@1.7.13':
    resolution: {integrity: sha512-agzr4DU+aAGW7/2mp2hP1JcNJkn/zBS0jUGQt5etIASN0MVq1tMdudVqvWbExUG0mUouo/n2VgdnjOHjswvrlA==}
    engines: {node: '>=8.0.0'}

  '@types/fluent-ffmpeg@2.1.25':
    resolution: {integrity: sha512-a9/Jtv/RVaCG4lUwWIcuClWE5eXJFoFS/oHOecOv/RS8n+lQdJzcJVmDlxA8Xbk4B82YpO88Dijcoljb6sYTcA==}

  '@types/node@20.14.13':
    resolution: {integrity: sha512-+bHoGiZb8UiQ0+WEtmph2IWQCjIqg8MDZMAV+ppRRhUZnquF5mQkP/9vpSwJClEiSM/C7fZZExPzfU0vJTyp8w==}

  '@types/node@22.0.0':
    resolution: {integrity: sha512-VT7KSYudcPOzP5Q0wfbowyNLaVR8QWUdw+088uFWwfvpY6uCWaXpqV6ieLAu9WBcnTa7H4Z5RLK8I5t2FuOcqw==}

  alibabacloud-nls@1.0.4:
    resolution: {integrity: sha512-hS+uXG9NrKOvX8UFPrQ+AS3pB2oQMnMgyinjVCE9etTjN+FJGb+F0mXw1tfOVK2o8aEln7m+p9ToroSMhL92lQ==}

  async@0.2.10:
    resolution: {integrity: sha512-eAkdoKxU6/LkKDBzLpT+t6Ff5EtfSF4wx1WfJiPEEV7WNLnDaRXk0oVysiEPm262roaachGexwUv94WhSgN5TQ==}

  balanced-match@1.0.2:
    resolution: {integrity: sha512-3oSeUO0TMV67hN1AmbXsK4yaqU7tjiHlbxRDZOpH0KW9+CeX4bRAaX0Anxt0tx2MrpRpWwQaPwIlISEJhYU5Pw==}

  bignumber.js@9.1.2:
    resolution: {integrity: sha512-2/mKyZH9K85bzOEfhXDBFZTGd1CTs+5IHpeFQo9luiBG7hghdC851Pj2WAhb6E3R6b9tZj/XKhbg4fum+Kepug==}

  brace-expansion@1.1.11:
    resolution: {integrity: sha512-iCuPHDFgrHX7H2vEI/5xpz07zSHB00TpugqhmYtVmMO6518mCuRMoOYFldEBl0g187ufozdaHgWKcYFb61qGiA==}

  bufferutil@4.0.8:
    resolution: {integrity: sha512-4T53u4PdgsXqKaIctwF8ifXlRTTmEPJ8iEPWFdGZvcf7sbwYo6FKFEX9eNNAnzFZ7EzJAQ3CJeOtCRA4rDp7Pw==}
    engines: {node: '>=6.14.2'}

  concat-map@0.0.1:
    resolution: {integrity: sha512-/Srv4dswyQNBfohGpz9o6Yb3Gz3SrUDqBH5rTuhGR7ahtlbYKnVxw2bCFMRljaA7EXHaXZ8wsHdodFvbkhKmqg==}

  debug@3.2.7:
    resolution: {integrity: sha512-CFjzYYAi4ThfiQvizrFQevTTXHtnCqWfe7x1AhgEscTz6ZbLbfoLRLPugTQyBth6f8ZERVUSyWHFD/7Wu4t1XQ==}
    peerDependencies:
      supports-color: '*'
    peerDependenciesMeta:
      supports-color:
        optional: true

  debug@4.3.6:
    resolution: {integrity: sha512-O/09Bd4Z1fBrU4VzkhFqVgpPzaGbw6Sm9FEkBT1A/YBXQFGuuSxa1dN2nxgxS34JmKXqYx8CZAwEVoJFImUXIg==}
    engines: {node: '>=6.0'}
    peerDependencies:
      supports-color: '*'
    peerDependenciesMeta:
      supports-color:
        optional: true

  fluent-ffmpeg@2.1.3:
    resolution: {integrity: sha512-Be3narBNt2s6bsaqP6Jzq91heDgOEaDCJAXcE3qcma/EJBSy5FB4cvO31XBInuAuKBx8Kptf8dkhjK0IOru39Q==}
    engines: {node: '>=18'}

  fs.realpath@1.0.0:
    resolution: {integrity: sha512-OO0pH2lK6a0hZnAdau5ItzHPI6pUlvI7jMVnxUQRtw4owF2wk8lOSabtGDCTP4Ggrg2MbGnWO9X8K1t4+fGMDw==}

  glob@7.2.3:
    resolution: {integrity: sha512-nFR0zLpU2YCaRxwoCJvL6UvCH2JFyFVIvwTLsIf21AuHlMskA1hhTdk+LlYJtOlYt9v6dvszD2BGRqBL+iQK9Q==}
    deprecated: Glob versions prior to v9 are no longer supported

  httpx@2.3.2:
    resolution: {integrity: sha512-ZG7QArW/BB/opy+XVp/zSJYdiPD9FTmPb3VfMnPdAknKFJq2OiIXS9D4oBeDJvWnZnJAzXDy9J/JKATXkJ7qlw==}

  inflight@1.0.6:
    resolution: {integrity: sha512-k92I/b08q4wvFscXCLvqfsHCrjrF7yiXsQuIVvVE7N82W3+aqpzuUdBbfhWcy/FZR3/4IgflMgKLOsvPDrGCJA==}
    deprecated: This module is not supported, and leaks memory. Do not use it. Check out lru-cache if you want a good and tested way to coalesce async requests by a key value, which is much more comprehensive and powerful.

  inherits@2.0.4:
    resolution: {integrity: sha512-k/vGaX4/Yla3WzyMCvTQOXYeIHvqOKtnqBduzTHpzpQZzAskKMhZ2K+EnBiSM9zGSoIFeMpXKxa4dYeZIQqewQ==}

  isexe@2.0.0:
    resolution: {integrity: sha512-RHxMLp9lnKHGHRng9QFhRCMbYAcVpn69smSGcq3f36xjgVVWThj4qqLbTLlq7Ssj8B+fIQ1EuCEGI2lKsyQeIw==}

  json-bigint@1.0.0:
    resolution: {integrity: sha512-SiPv/8VpZuWbvLSMtTDU8hEfrZWg/mH/nV/b4o0CYbSxu1UIQPLdwKOCIyLQX+VIPO5vrLX3i8qtqFyhdPSUSQ==}

  kitx@1.3.0:
    resolution: {integrity: sha512-fhBqFlXd0GkKTB+8ayLfpzPUw+LHxZlPAukPNBD1Om7JMeInT+/PxCAf1yLagvD+VKoyWhXtJR68xQkX/a0wOQ==}

  log-prefix@0.1.1:
    resolution: {integrity: sha512-aP1Lst8OCdZKATqzXDN0JBissNVZuiKLyo6hOXDBxaQ1jHDsaxh2J1i5Pp0zMy6ayTKDWfUlLMXyLaQe1PJ48g==}

  log-timestamp@0.3.0:
    resolution: {integrity: sha512-luRz6soxijd1aJh0GkLXFjKABihxthvTfWTzu3XhCgg5EivG2bsTpSd63QFbUgS+/KmFtL+0RfSpeaD2QvOV8Q==}

  minimatch@3.1.2:
    resolution: {integrity: sha512-J7p63hRiAjw1NDEww1W7i37+ByIrOWO5XQQAzZ3VOcL0PNybwpfmV/N05zFAzwQ9USyEcX6t3UO+K5aqBQOIHw==}

  ms@2.1.2:
    resolution: {integrity: sha512-sGkPx+VjMtmA6MX27oA4FBFELFCZZ4S4XqeGOXCv68tT+jb3vk/RyaKWP0PTKyWtmLSM0b+adUTEvbs1PEaH2w==}

  ms@2.1.3:
    resolution: {integrity: sha512-6FlzubTLZG3J2a/NVCAleEhjzq5oxgHyaCU9yYXvcLsvoVaHJq/s5xXI6/XXP6tz7R9xAOtHnSO/tXtF3WRTlA==}

  node-gyp-build@4.8.1:
    resolution: {integrity: sha512-OSs33Z9yWr148JZcbZd5WiAXhh/n9z8TxQcdMhIOlpN9AhWpLfvVFO73+m77bBABQMaY9XSvIa+qk0jlI7Gcaw==}
    hasBin: true

  once@1.4.0:
    resolution: {integrity: sha512-lNaJgI+2Q5URQBkccEKHTQOPaXdUxnZZElQTZY0MFUAuaEqe1E+Nyvgdz/aIyNi6Z9MzO5dv1H8n58/GELp3+w==}

  path-is-absolute@1.0.1:
    resolution: {integrity: sha512-AVbw3UJ2e9bq64vSaS9Am0fje1Pa8pbGqTTsmXfaIiMpnr5DlDhfJOuLj9Sf95ZPVDAUerDfEk88MPmPe7UCQg==}
    engines: {node: '>=0.10.0'}

  rimraf@3.0.2:
    resolution: {integrity: sha512-JZkJMZkAGFFPP2YqXZXPbMlMBgsxzE8ILs4lMIX/2o0L9UBw9O/Y3o6wFw/i9YLapcUJWwqbi3kdxIPdC62TIA==}
    deprecated: Rimraf versions prior to v4 are no longer supported
    hasBin: true

  sax@1.4.1:
    resolution: {integrity: sha512-+aWOz7yVScEGoKNd4PA10LZ8sk0A/z5+nXQG5giUO5rprX9jgYsTdov9qCchZiPIZezbZH+jRut8nPodFAX4Jg==}

  undici-types@5.26.5:
    resolution: {integrity: sha512-JlCMO+ehdEIKqlFxk6IfVoAUVmgz7cU7zD/h9XZ0qzeosSHmUJVOzSQvvYSYWXkFXC+IfLKSIffhv0sVZup6pA==}

  undici-types@6.11.1:
    resolution: {integrity: sha512-mIDEX2ek50x0OlRgxryxsenE5XaQD4on5U2inY7RApK3SOJpofyw7uW2AyfMKkhAxXIceo2DeWGVGwyvng1GNQ==}

  utf-8-validate@5.0.10:
    resolution: {integrity: sha512-Z6czzLq4u8fPOyx7TU6X3dvUZVvoJmxSQ+IcrlmagKhilxlhZgxPK6C5Jqbkw1IDUmFTM+cz9QDnnLTwDz/2gQ==}
    engines: {node: '>=6.14.2'}

  uuid@8.3.2:
    resolution: {integrity: sha512-+NYs2QeMWy+GWFOEm9xnn6HCDp0l7QBD7ml8zLUmJ+93Q5NF0NocErnwkTkXVFNiX3/fpC6afS8Dhb/gz7R7eg==}
    hasBin: true

  which@1.3.1:
    resolution: {integrity: sha512-HxJdYWq1MTIQbJ3nw0cqssHoTNU267KlrDuGZ1WYlxDStUtKUhOaJmh112/TZmHxxUfuJqPXSOm7tDyas0OSIQ==}
    hasBin: true

  wrappy@1.0.2:
    resolution: {integrity: sha512-l4Sp/DRseor9wL6EvV2+TuQn63dMkPjZ/sp9XkghTEbV9KlPS1xUsZ3u7/IQO4wxtcFB4bgpQPRcR3QCvezPcQ==}

  ws@8.18.0:
    resolution: {integrity: sha512-8VbfWfHLbbwu3+N6OKsOMpBdT4kXPDDB9cJk2bJ6mh9ucxdlnNvH1e+roYkKmN9Nxw2yjz7VzeO9oOz2zJ04Pw==}
    engines: {node: '>=10.0.0'}
    peerDependencies:
      bufferutil: ^4.0.1
      utf-8-validate: '>=5.0.2'
    peerDependenciesMeta:
      bufferutil:
        optional: true
      utf-8-validate:
        optional: true

  xml2js@0.5.0:
    resolution: {integrity: sha512-drPFnkQJik/O+uPKpqSgr22mpuFHqKdbS835iAQrUC73L2F5WkboIRd63ai/2Yg6I1jzifPFKH2NTK+cfglkIA==}
    engines: {node: '>=4.0.0'}

  xmlbuilder@11.0.1:
    resolution: {integrity: sha512-fDlsI/kFEx7gLvbecc0/ohLG50fugQp8ryHzMTuW9vSa1GJ0XYWKnhsUx7oie3G98+r56aTQIUB4kht42R3JvA==}
    engines: {node: '>=4.0'}

snapshots:

  '@alicloud/pop-core@1.7.13':
    dependencies:
      debug: 3.2.7
      httpx: 2.3.2
      json-bigint: 1.0.0
      kitx: 1.3.0
      xml2js: 0.5.0
    transitivePeerDependencies:
      - supports-color

  '@types/fluent-ffmpeg@2.1.25':
    dependencies:
      '@types/node': 22.0.0

  '@types/node@20.14.13':
    dependencies:
      undici-types: 5.26.5

  '@types/node@22.0.0':
    dependencies:
      undici-types: 6.11.1

  alibabacloud-nls@1.0.4:
    dependencies:
      '@alicloud/pop-core': 1.7.13
      log-timestamp: 0.3.0
      rimraf: 3.0.2
      uuid: 8.3.2
      ws: 8.18.0(bufferutil@4.0.8)(utf-8-validate@5.0.10)
    optionalDependencies:
      bufferutil: 4.0.8
      utf-8-validate: 5.0.10
    transitivePeerDependencies:
      - supports-color

  async@0.2.10: {}

  balanced-match@1.0.2: {}

  bignumber.js@9.1.2: {}

  brace-expansion@1.1.11:
    dependencies:
      balanced-match: 1.0.2
      concat-map: 0.0.1

  bufferutil@4.0.8:
    dependencies:
      node-gyp-build: 4.8.1
    optional: true

  concat-map@0.0.1: {}

  debug@3.2.7:
    dependencies:
      ms: 2.1.3

  debug@4.3.6:
    dependencies:
      ms: 2.1.2

  fluent-ffmpeg@2.1.3:
    dependencies:
      async: 0.2.10
      which: 1.3.1

  fs.realpath@1.0.0: {}

  glob@7.2.3:
    dependencies:
      fs.realpath: 1.0.0
      inflight: 1.0.6
      inherits: 2.0.4
      minimatch: 3.1.2
      once: 1.4.0
      path-is-absolute: 1.0.1

  httpx@2.3.2:
    dependencies:
      '@types/node': 20.14.13
      debug: 4.3.6
    transitivePeerDependencies:
      - supports-color

  inflight@1.0.6:
    dependencies:
      once: 1.4.0
      wrappy: 1.0.2

  inherits@2.0.4: {}

  isexe@2.0.0: {}

  json-bigint@1.0.0:
    dependencies:
      bignumber.js: 9.1.2

  kitx@1.3.0: {}

  log-prefix@0.1.1: {}

  log-timestamp@0.3.0:
    dependencies:
      log-prefix: 0.1.1

  minimatch@3.1.2:
    dependencies:
      brace-expansion: 1.1.11

  ms@2.1.2: {}

  ms@2.1.3: {}

  node-gyp-build@4.8.1:
    optional: true

  once@1.4.0:
    dependencies:
      wrappy: 1.0.2

  path-is-absolute@1.0.1: {}

  rimraf@3.0.2:
    dependencies:
      glob: 7.2.3

  sax@1.4.1: {}

  undici-types@5.26.5: {}

  undici-types@6.11.1: {}

  utf-8-validate@5.0.10:
    dependencies:
      node-gyp-build: 4.8.1
    optional: true

  uuid@8.3.2: {}

  which@1.3.1:
    dependencies:
      isexe: 2.0.0

  wrappy@1.0.2: {}

  ws@8.18.0(bufferutil@4.0.8)(utf-8-validate@5.0.10):
    optionalDependencies:
      bufferutil: 4.0.8
      utf-8-validate: 5.0.10

  xml2js@0.5.0:
    dependencies:
      sax: 1.4.1
      xmlbuilder: 11.0.1

  xmlbuilder@11.0.1: {}
