lockfileVersion: '9.0'

settings:
  autoInstallPeers: true
  excludeLinksFromLockfile: false

importers:

  .:
    dependencies:
      '@types/fluent-ffmpeg':
        specifier: ^2.1.25
        version: 2.1.25
      fluent-ffmpeg:
        specifier: ^2.1.3
        version: 2.1.3

packages:

  '@types/fluent-ffmpeg@2.1.25':
    resolution: {integrity: sha512-a9/Jtv/RVaCG4lUwWIcuClWE5eXJFoFS/oHOecOv/RS8n+lQdJzcJVmDlxA8Xbk4B82YpO88Dijcoljb6sYTcA==}

  '@types/node@22.0.0':
    resolution: {integrity: sha512-VT7KSYudcPOzP5Q0wfbowyNLaVR8QWUdw+088uFWwfvpY6uCWaXpqV6ieLAu9WBcnTa7H4Z5RLK8I5t2FuOcqw==}

  async@0.2.10:
    resolution: {integrity: sha512-eAkdoKxU6/LkKDBzLpT+t6Ff5EtfSF4wx1WfJiPEEV7WNLnDaRXk0oVysiEPm262roaachGexwUv94WhSgN5TQ==}

  fluent-ffmpeg@2.1.3:
    resolution: {integrity: sha512-Be3narBNt2s6bsaqP6Jzq91heDgOEaDCJAXcE3qcma/EJBSy5FB4cvO31XBInuAuKBx8Kptf8dkhjK0IOru39Q==}
    engines: {node: '>=18'}

  isexe@2.0.0:
    resolution: {integrity: sha512-RHxMLp9lnKHGHRng9QFhRCMbYAcVpn69smSGcq3f36xjgVVWThj4qqLbTLlq7Ssj8B+fIQ1EuCEGI2lKsyQeIw==}

  undici-types@6.11.1:
    resolution: {integrity: sha512-mIDEX2ek50x0OlRgxryxsenE5XaQD4on5U2inY7RApK3SOJpofyw7uW2AyfMKkhAxXIceo2DeWGVGwyvng1GNQ==}

  which@1.3.1:
    resolution: {integrity: sha512-HxJdYWq1MTIQbJ3nw0cqssHoTNU267KlrDuGZ1WYlxDStUtKUhOaJmh112/TZmHxxUfuJqPXSOm7tDyas0OSIQ==}
    hasBin: true

snapshots:

  '@types/fluent-ffmpeg@2.1.25':
    dependencies:
      '@types/node': 22.0.0

  '@types/node@22.0.0':
    dependencies:
      undici-types: 6.11.1

  async@0.2.10: {}

  fluent-ffmpeg@2.1.3:
    dependencies:
      async: 0.2.10
      which: 1.3.1

  isexe@2.0.0: {}

  undici-types@6.11.1: {}

  which@1.3.1:
    dependencies:
      isexe: 2.0.0
